
Microsoft Visual Studio Solution File, Format Version 12.00
# Visual Studio Version 17
VisualStudioVersion = 17.1.32414.318
MinimumVisualStudioVersion = 10.0.40219.1
Project("{FAE04EC0-301F-11D3-BF4B-00C04F79EFBC}") = "KampusLearn-CodeFirstEFCore", "KampusLearn-CodeFirstEFCore\KampusLearn-CodeFirstEFCore.csproj", "{A5DAED3E-6125-4297-BB9F-24EE987C4D83}"
EndProject
Global
	GlobalSection(SolutionConfigurationPlatforms) = preSolution
		Debug|Any CPU = Debug|Any CPU
		Release|Any CPU = Release|Any CPU
	EndGlobalSection
	GlobalSection(ProjectConfigurationPlatforms) = postSolution
		{A5DAED3E-6125-4297-BB9F-24EE987C4D83}.Debug|Any CPU.ActiveCfg = Debug|Any CPU
		{A5DAED3E-6125-4297-BB9F-24EE987C4D83}.Debug|Any CPU.Build.0 = Debug|Any CPU
		{A5DAED3E-6125-4297-BB9F-24EE987C4D83}.Release|Any CPU.ActiveCfg = Release|Any CPU
		{A5DAED3E-6125-4297-BB9F-24EE987C4D83}.Release|Any CPU.Build.0 = Release|Any CPU
	EndGlobalSection
	GlobalSection(SolutionProperties) = preSolution
		HideSolutionNode = FALSE
	EndGlobalSection
	GlobalSection(ExtensibilityGlobals) = postSolution
		SolutionGuid = {F12BD7CF-5E15-42F3-A022-FFE4295BD595}
	EndGlobalSection
EndGlobal
